
Microsoft Visual Studio Solution File, Format Version 12.00
# Visual Studio Version 17
VisualStudioVersion = 17.8.34330.188
MinimumVisualStudioVersion = 10.0.40219.1
Project("{2150E333-8FDC-42A3-9474-1A3956D46DE8}") = "Solution Items", "Solution Items", "{382D7BBE-078D-4181-A843-71EDD5E07B94}"
	ProjectSection(SolutionItems) = preProject
		ServiceUrls.txt = ServiceUrls.txt
	EndProjectSection
EndProject
Project("{2150E333-8FDC-42A3-9474-1A3956D46DE8}") = "src", "src", "{28F67F50-5E54-4E23-8764-DD33910D51DA}"
EndProject
Project("{2150E333-8FDC-42A3-9474-1A3956D46DE8}") = "ApiGateways", "ApiGateways", "{02FCD425-8E07-4220-99C6-E75280B5BDDC}"
EndProject
Project("{2150E333-8FDC-42A3-9474-1A3956D46DE8}") = "BuildingBlocks", "BuildingBlocks", "{F22E00F0-A7BC-4A5C-A6B2-46C249241F4A}"
EndProject
Project("{2150E333-8FDC-42A3-9474-1A3956D46DE8}") = "Services", "Services", "{7E713B26-14F3-4DA1-AC60-C861D67079E9}"
EndProject
Project("{2150E333-8FDC-42A3-9474-1A3956D46DE8}") = "Clients", "Clients", "{2EEFB8A1-ED44-46A9-82DF-B57F23408916}"
EndProject
Project("{2150E333-8FDC-42A3-9474-1A3956D46DE8}") = "WebApiGateway", "WebApiGateway", "{E30A4A66-F3B7-450C-82B8-5F269B09EC2B}"
EndProject
Project("{9A19103F-16F7-4668-BE54-9A1E7A4F7556}") = "Web.ApiGateway", "src\ApiGateways\WebApiGateway\Web.ApiGateway\Web.ApiGateway.csproj", "{3865E4B3-1174-4D3D-B2AF-68EA6D7F19D3}"
EndProject
Project("{2150E333-8FDC-42A3-9474-1A3956D46DE8}") = "EventBus", "EventBus", "{79ABF90B-EC9A-4734-83ED-2CA469270F9B}"
EndProject
Project("{9A19103F-16F7-4668-BE54-9A1E7A4F7556}") = "EventBus.Base", "src\BuildingBlocks\EventBus\EventBus.Base\EventBus.Base.csproj", "{69AA1235-9FA4-4F00-B98D-73203087466E}"
EndProject
Project("{9A19103F-16F7-4668-BE54-9A1E7A4F7556}") = "EventBus.Factory", "src\BuildingBlocks\EventBus\EventBus.Factory\EventBus.Factory.csproj", "{CA10AAE3-D96F-4532-9AE2-2C3F1F9FC559}"
EndProject
Project("{9A19103F-16F7-4668-BE54-9A1E7A4F7556}") = "EventBus.AzureServiceBus", "src\BuildingBlocks\EventBus\EventBus.AzureServiceBus\EventBus.AzureServiceBus.csproj", "{C188C2F1-A725-44F4-B4D6-AC935EC699C1}"
EndProject
Project("{9A19103F-16F7-4668-BE54-9A1E7A4F7556}") = "EventBus.RabbitMQ", "src\BuildingBlocks\EventBus\EventBus.RabbitMQ\EventBus.RabbitMQ.csproj", "{A8982C74-3C80-494F-83E6-09C298584F05}"
EndProject
Project("{2150E333-8FDC-42A3-9474-1A3956D46DE8}") = "MVCWebApp", "MVCWebApp", "{97078A67-37D7-4783-A51D-98AFC7FE985B}"
EndProject
Project("{9A19103F-16F7-4668-BE54-9A1E7A4F7556}") = "WebApp", "src\Clients\MVCWebApp\WebApp\WebApp.csproj", "{66DB9186-325B-4D04-B382-76A43B6DB7A2}"
EndProject
Project("{2150E333-8FDC-42A3-9474-1A3956D46DE8}") = "BasketService", "BasketService", "{C110F47A-EC16-47B0-94F1-079C0D90C939}"
EndProject
Project("{9A19103F-16F7-4668-BE54-9A1E7A4F7556}") = "BaseketService.Api", "src\Services\BasketService\BaseketService.Api\BaseketService.Api.csproj", "{C1FB3421-3E36-4890-8497-77F3B03369CF}"
EndProject
Project("{2150E333-8FDC-42A3-9474-1A3956D46DE8}") = "CatalogService", "CatalogService", "{C0C364E0-BD2E-4747-B16E-4BF3F5FDBDD5}"
EndProject
Project("{9A19103F-16F7-4668-BE54-9A1E7A4F7556}") = "CatalogService.Api", "src\Services\CatalogService\CatalogService.Api\CatalogService.Api.csproj", "{A7CC4C4D-9790-45BD-978C-5E4B6DE1BB84}"
EndProject
Project("{2150E333-8FDC-42A3-9474-1A3956D46DE8}") = "IdentityService", "IdentityService", "{E61802D5-D5CC-4C0C-BBB8-EFA087C63885}"
EndProject
Project("{9A19103F-16F7-4668-BE54-9A1E7A4F7556}") = "IdentityService.Api", "src\Services\IdentityService\IdentityService.Api\IdentityService.Api.csproj", "{3B3F1BA9-46E4-40E2-999B-465F2F1B2898}"
EndProject
Project("{2150E333-8FDC-42A3-9474-1A3956D46DE8}") = "NotificationService", "NotificationService", "{7CC45920-D9B1-4D66-987F-7B1ED4F52C07}"
EndProject
Project("{9A19103F-16F7-4668-BE54-9A1E7A4F7556}") = "NotificationService", "src\Services\NotificationService\NotificationService\NotificationService.csproj", "{24878D51-816F-42ED-8215-0A31BD50366E}"
EndProject
Project("{2150E333-8FDC-42A3-9474-1A3956D46DE8}") = "OrderService", "OrderService", "{6BBFFBA3-248C-49D4-AE4B-B6AFC6F14EA0}"
EndProject
Project("{9A19103F-16F7-4668-BE54-9A1E7A4F7556}") = "OrderService.Domain", "src\Services\OrderService\OrderService.Domain\OrderService.Domain.csproj", "{D2E4765E-224F-4DE6-9078-A9E80ACF569B}"
EndProject
Project("{9A19103F-16F7-4668-BE54-9A1E7A4F7556}") = "OrderService.Application", "src\Services\OrderService\OrderService.Application\OrderService.Application.csproj", "{28C48965-F75A-4C95-BB9B-17D3EE2352D7}"
EndProject
Project("{9A19103F-16F7-4668-BE54-9A1E7A4F7556}") = "OrderService.Infrastructure", "src\Services\OrderService\OrderService.Infrastructure\OrderService.Infrastructure.csproj", "{370C5025-D05A-4EA6-96D7-E38B38E452C6}"
EndProject
Project("{9A19103F-16F7-4668-BE54-9A1E7A4F7556}") = "OrderService.Api", "src\Services\OrderService\OrderService.Api\OrderService.Api.csproj", "{DE76C914-D344-4AAA-A3FB-4880BF986A7D}"
EndProject
Project("{2150E333-8FDC-42A3-9474-1A3956D46DE8}") = "PaymentService", "PaymentService", "{334DDC73-FCB0-4C67-9B2E-AD1B35874349}"
EndProject
Project("{9A19103F-16F7-4668-BE54-9A1E7A4F7556}") = "PaymentService.Api", "src\Services\PaymentService\PaymentService.Api\PaymentService.Api.csproj", "{172AFF35-CDFC-45E0-8E4E-2F5F3B8BC609}"
EndProject
Project("{2150E333-8FDC-42A3-9474-1A3956D46DE8}") = "tests", "tests", "{D3068409-03F4-4D29-B0F3-6512E5BE0844}"
EndProject
Project("{2150E333-8FDC-42A3-9474-1A3956D46DE8}") = "BuildingBlocks", "BuildingBlocks", "{1A0BC017-C9FC-4DBA-BC58-731F2ACABD8D}"
EndProject
Project("{9A19103F-16F7-4668-BE54-9A1E7A4F7556}") = "EventBus.UnitTest", "tests\BuildingBlocks\EventBus.UnitTest\EventBus.UnitTest.csproj", "{83F7A061-D5BA-47FB-9CCD-D0F699A8F1B5}"
EndProject
Global
	GlobalSection(SolutionConfigurationPlatforms) = preSolution
		Debug|Any CPU = Debug|Any CPU
		Release|Any CPU = Release|Any CPU
	EndGlobalSection
	GlobalSection(ProjectConfigurationPlatforms) = postSolution
		{3865E4B3-1174-4D3D-B2AF-68EA6D7F19D3}.Debug|Any CPU.ActiveCfg = Debug|Any CPU
		{3865E4B3-1174-4D3D-B2AF-68EA6D7F19D3}.Debug|Any CPU.Build.0 = Debug|Any CPU
		{3865E4B3-1174-4D3D-B2AF-68EA6D7F19D3}.Release|Any CPU.ActiveCfg = Release|Any CPU
		{3865E4B3-1174-4D3D-B2AF-68EA6D7F19D3}.Release|Any CPU.Build.0 = Release|Any CPU
		{69AA1235-9FA4-4F00-B98D-73203087466E}.Debug|Any CPU.ActiveCfg = Debug|Any CPU
		{69AA1235-9FA4-4F00-B98D-73203087466E}.Debug|Any CPU.Build.0 = Debug|Any CPU
		{69AA1235-9FA4-4F00-B98D-73203087466E}.Release|Any CPU.ActiveCfg = Release|Any CPU
		{69AA1235-9FA4-4F00-B98D-73203087466E}.Release|Any CPU.Build.0 = Release|Any CPU
		{CA10AAE3-D96F-4532-9AE2-2C3F1F9FC559}.Debug|Any CPU.ActiveCfg = Debug|Any CPU
		{CA10AAE3-D96F-4532-9AE2-2C3F1F9FC559}.Debug|Any CPU.Build.0 = Debug|Any CPU
		{CA10AAE3-D96F-4532-9AE2-2C3F1F9FC559}.Release|Any CPU.ActiveCfg = Release|Any CPU
		{CA10AAE3-D96F-4532-9AE2-2C3F1F9FC559}.Release|Any CPU.Build.0 = Release|Any CPU
		{C188C2F1-A725-44F4-B4D6-AC935EC699C1}.Debug|Any CPU.ActiveCfg = Debug|Any CPU
		{C188C2F1-A725-44F4-B4D6-AC935EC699C1}.Debug|Any CPU.Build.0 = Debug|Any CPU
		{C188C2F1-A725-44F4-B4D6-AC935EC699C1}.Release|Any CPU.ActiveCfg = Release|Any CPU
		{C188C2F1-A725-44F4-B4D6-AC935EC699C1}.Release|Any CPU.Build.0 = Release|Any CPU
		{A8982C74-3C80-494F-83E6-09C298584F05}.Debug|Any CPU.ActiveCfg = Debug|Any CPU
		{A8982C74-3C80-494F-83E6-09C298584F05}.Debug|Any CPU.Build.0 = Debug|Any CPU
		{A8982C74-3C80-494F-83E6-09C298584F05}.Release|Any CPU.ActiveCfg = Release|Any CPU
		{A8982C74-3C80-494F-83E6-09C298584F05}.Release|Any CPU.Build.0 = Release|Any CPU
		{66DB9186-325B-4D04-B382-76A43B6DB7A2}.Debug|Any CPU.ActiveCfg = Debug|Any CPU
		{66DB9186-325B-4D04-B382-76A43B6DB7A2}.Debug|Any CPU.Build.0 = Debug|Any CPU
		{66DB9186-325B-4D04-B382-76A43B6DB7A2}.Release|Any CPU.ActiveCfg = Release|Any CPU
		{66DB9186-325B-4D04-B382-76A43B6DB7A2}.Release|Any CPU.Build.0 = Release|Any CPU
		{C1FB3421-3E36-4890-8497-77F3B03369CF}.Debug|Any CPU.ActiveCfg = Debug|Any CPU
		{C1FB3421-3E36-4890-8497-77F3B03369CF}.Debug|Any CPU.Build.0 = Debug|Any CPU
		{C1FB3421-3E36-4890-8497-77F3B03369CF}.Release|Any CPU.ActiveCfg = Release|Any CPU
		{C1FB3421-3E36-4890-8497-77F3B03369CF}.Release|Any CPU.Build.0 = Release|Any CPU
		{A7CC4C4D-9790-45BD-978C-5E4B6DE1BB84}.Debug|Any CPU.ActiveCfg = Debug|Any CPU
		{A7CC4C4D-9790-45BD-978C-5E4B6DE1BB84}.Debug|Any CPU.Build.0 = Debug|Any CPU
		{A7CC4C4D-9790-45BD-978C-5E4B6DE1BB84}.Release|Any CPU.ActiveCfg = Release|Any CPU
		{A7CC4C4D-9790-45BD-978C-5E4B6DE1BB84}.Release|Any CPU.Build.0 = Release|Any CPU
		{3B3F1BA9-46E4-40E2-999B-465F2F1B2898}.Debug|Any CPU.ActiveCfg = Debug|Any CPU
		{3B3F1BA9-46E4-40E2-999B-465F2F1B2898}.Debug|Any CPU.Build.0 = Debug|Any CPU
		{3B3F1BA9-46E4-40E2-999B-465F2F1B2898}.Release|Any CPU.ActiveCfg = Release|Any CPU
		{3B3F1BA9-46E4-40E2-999B-465F2F1B2898}.Release|Any CPU.Build.0 = Release|Any CPU
		{24878D51-816F-42ED-8215-0A31BD50366E}.Debug|Any CPU.ActiveCfg = Debug|Any CPU
		{24878D51-816F-42ED-8215-0A31BD50366E}.Debug|Any CPU.Build.0 = Debug|Any CPU
		{24878D51-816F-42ED-8215-0A31BD50366E}.Release|Any CPU.ActiveCfg = Release|Any CPU
		{24878D51-816F-42ED-8215-0A31BD50366E}.Release|Any CPU.Build.0 = Release|Any CPU
		{D2E4765E-224F-4DE6-9078-A9E80ACF569B}.Debug|Any CPU.ActiveCfg = Debug|Any CPU
		{D2E4765E-224F-4DE6-9078-A9E80ACF569B}.Debug|Any CPU.Build.0 = Debug|Any CPU
		{D2E4765E-224F-4DE6-9078-A9E80ACF569B}.Release|Any CPU.ActiveCfg = Release|Any CPU
		{D2E4765E-224F-4DE6-9078-A9E80ACF569B}.Release|Any CPU.Build.0 = Release|Any CPU
		{28C48965-F75A-4C95-BB9B-17D3EE2352D7}.Debug|Any CPU.ActiveCfg = Debug|Any CPU
		{28C48965-F75A-4C95-BB9B-17D3EE2352D7}.Debug|Any CPU.Build.0 = Debug|Any CPU
		{28C48965-F75A-4C95-BB9B-17D3EE2352D7}.Release|Any CPU.ActiveCfg = Release|Any CPU
		{28C48965-F75A-4C95-BB9B-17D3EE2352D7}.Release|Any CPU.Build.0 = Release|Any CPU
		{370C5025-D05A-4EA6-96D7-E38B38E452C6}.Debug|Any CPU.ActiveCfg = Debug|Any CPU
		{370C5025-D05A-4EA6-96D7-E38B38E452C6}.Debug|Any CPU.Build.0 = Debug|Any CPU
		{370C5025-D05A-4EA6-96D7-E38B38E452C6}.Release|Any CPU.ActiveCfg = Release|Any CPU
		{370C5025-D05A-4EA6-96D7-E38B38E452C6}.Release|Any CPU.Build.0 = Release|Any CPU
		{DE76C914-D344-4AAA-A3FB-4880BF986A7D}.Debug|Any CPU.ActiveCfg = Debug|Any CPU
		{DE76C914-D344-4AAA-A3FB-4880BF986A7D}.Debug|Any CPU.Build.0 = Debug|Any CPU
		{DE76C914-D344-4AAA-A3FB-4880BF986A7D}.Release|Any CPU.ActiveCfg = Release|Any CPU
		{DE76C914-D344-4AAA-A3FB-4880BF986A7D}.Release|Any CPU.Build.0 = Release|Any CPU
		{172AFF35-CDFC-45E0-8E4E-2F5F3B8BC609}.Debug|Any CPU.ActiveCfg = Debug|Any CPU
		{172AFF35-CDFC-45E0-8E4E-2F5F3B8BC609}.Debug|Any CPU.Build.0 = Debug|Any CPU
		{172AFF35-CDFC-45E0-8E4E-2F5F3B8BC609}.Release|Any CPU.ActiveCfg = Release|Any CPU
		{172AFF35-CDFC-45E0-8E4E-2F5F3B8BC609}.Release|Any CPU.Build.0 = Release|Any CPU
		{83F7A061-D5BA-47FB-9CCD-D0F699A8F1B5}.Debug|Any CPU.ActiveCfg = Debug|Any CPU
		{83F7A061-D5BA-47FB-9CCD-D0F699A8F1B5}.Debug|Any CPU.Build.0 = Debug|Any CPU
		{83F7A061-D5BA-47FB-9CCD-D0F699A8F1B5}.Release|Any CPU.ActiveCfg = Release|Any CPU
		{83F7A061-D5BA-47FB-9CCD-D0F699A8F1B5}.Release|Any CPU.Build.0 = Release|Any CPU
	EndGlobalSection
	GlobalSection(SolutionProperties) = preSolution
		HideSolutionNode = FALSE
	EndGlobalSection
	GlobalSection(NestedProjects) = preSolution
		{02FCD425-8E07-4220-99C6-E75280B5BDDC} = {28F67F50-5E54-4E23-8764-DD33910D51DA}
		{F22E00F0-A7BC-4A5C-A6B2-46C249241F4A} = {28F67F50-5E54-4E23-8764-DD33910D51DA}
		{7E713B26-14F3-4DA1-AC60-C861D67079E9} = {28F67F50-5E54-4E23-8764-DD33910D51DA}
		{2EEFB8A1-ED44-46A9-82DF-B57F23408916} = {28F67F50-5E54-4E23-8764-DD33910D51DA}
		{E30A4A66-F3B7-450C-82B8-5F269B09EC2B} = {02FCD425-8E07-4220-99C6-E75280B5BDDC}
		{3865E4B3-1174-4D3D-B2AF-68EA6D7F19D3} = {E30A4A66-F3B7-450C-82B8-5F269B09EC2B}
		{79ABF90B-EC9A-4734-83ED-2CA469270F9B} = {F22E00F0-A7BC-4A5C-A6B2-46C249241F4A}
		{69AA1235-9FA4-4F00-B98D-73203087466E} = {79ABF90B-EC9A-4734-83ED-2CA469270F9B}
		{CA10AAE3-D96F-4532-9AE2-2C3F1F9FC559} = {79ABF90B-EC9A-4734-83ED-2CA469270F9B}
		{C188C2F1-A725-44F4-B4D6-AC935EC699C1} = {79ABF90B-EC9A-4734-83ED-2CA469270F9B}
		{A8982C74-3C80-494F-83E6-09C298584F05} = {79ABF90B-EC9A-4734-83ED-2CA469270F9B}
		{97078A67-37D7-4783-A51D-98AFC7FE985B} = {2EEFB8A1-ED44-46A9-82DF-B57F23408916}
		{66DB9186-325B-4D04-B382-76A43B6DB7A2} = {97078A67-37D7-4783-A51D-98AFC7FE985B}
		{C110F47A-EC16-47B0-94F1-079C0D90C939} = {7E713B26-14F3-4DA1-AC60-C861D67079E9}
		{C1FB3421-3E36-4890-8497-77F3B03369CF} = {C110F47A-EC16-47B0-94F1-079C0D90C939}
		{C0C364E0-BD2E-4747-B16E-4BF3F5FDBDD5} = {7E713B26-14F3-4DA1-AC60-C861D67079E9}
		{A7CC4C4D-9790-45BD-978C-5E4B6DE1BB84} = {C0C364E0-BD2E-4747-B16E-4BF3F5FDBDD5}
		{E61802D5-D5CC-4C0C-BBB8-EFA087C63885} = {7E713B26-14F3-4DA1-AC60-C861D67079E9}
		{3B3F1BA9-46E4-40E2-999B-465F2F1B2898} = {E61802D5-D5CC-4C0C-BBB8-EFA087C63885}
		{7CC45920-D9B1-4D66-987F-7B1ED4F52C07} = {7E713B26-14F3-4DA1-AC60-C861D67079E9}
		{24878D51-816F-42ED-8215-0A31BD50366E} = {7CC45920-D9B1-4D66-987F-7B1ED4F52C07}
		{6BBFFBA3-248C-49D4-AE4B-B6AFC6F14EA0} = {7E713B26-14F3-4DA1-AC60-C861D67079E9}
		{D2E4765E-224F-4DE6-9078-A9E80ACF569B} = {6BBFFBA3-248C-49D4-AE4B-B6AFC6F14EA0}
		{28C48965-F75A-4C95-BB9B-17D3EE2352D7} = {6BBFFBA3-248C-49D4-AE4B-B6AFC6F14EA0}
		{370C5025-D05A-4EA6-96D7-E38B38E452C6} = {6BBFFBA3-248C-49D4-AE4B-B6AFC6F14EA0}
		{DE76C914-D344-4AAA-A3FB-4880BF986A7D} = {6BBFFBA3-248C-49D4-AE4B-B6AFC6F14EA0}
		{334DDC73-FCB0-4C67-9B2E-AD1B35874349} = {7E713B26-14F3-4DA1-AC60-C861D67079E9}
		{172AFF35-CDFC-45E0-8E4E-2F5F3B8BC609} = {334DDC73-FCB0-4C67-9B2E-AD1B35874349}
		{1A0BC017-C9FC-4DBA-BC58-731F2ACABD8D} = {D3068409-03F4-4D29-B0F3-6512E5BE0844}
		{83F7A061-D5BA-47FB-9CCD-D0F699A8F1B5} = {1A0BC017-C9FC-4DBA-BC58-731F2ACABD8D}
	EndGlobalSection
	GlobalSection(ExtensibilityGlobals) = postSolution
		SolutionGuid = {039A0946-F701-48C0-8B82-ABF6B9943CD2}
	EndGlobalSection
EndGlobal
